
Microsoft Visual Studio Solution File, Format Version 12.00
# Visual Studio Version 17
VisualStudioVersion = 17.1.32228.430
MinimumVisualStudioVersion = 10.0.40219.1
Project("{9A19103F-16F7-4668-BE54-9A1E7A4F7556}") = "Application", "Application\Application.csproj", "{A1D0CA23-48B2-4E4B-9C3F-B59DC94A9980}"
EndProject
Project("{9A19103F-16F7-4668-BE54-9A1E7A4F7556}") = "Infraestructure", "Repository\Infraestructure.csproj", "{2F3E9650-2618-4127-A2DE-5A59795916E3}"
EndProject
Project("{9A19103F-16F7-4668-BE54-9A1E7A4F7556}") = "Domain", "Domain\Domain.csproj", "{FD8D0075-63FC-4214-9B41-12774EECF1B9}"
EndProject
Project("{9A19103F-16F7-4668-BE54-9A1E7A4F7556}") = "CrossCutting", "CrossCutting\CrossCutting.csproj", "{23A30B91-9FD7-4CC2-80E7-F21FA003C489}"
EndProject
Project("{9A19103F-16F7-4668-BE54-9A1E7A4F7556}") = "WebAPI", "WebAPI\WebAPI.csproj", "{E8B6A333-7FC9-446D-9E4A-57A75211A053}"
EndProject
Project("{F184B08F-C81C-45F6-A57F-5ABD9991F28F}") = "WinApp", "WinApp\WinApp.vbproj", "{18741077-C97B-45C0-B952-71E2D63C8087}"
EndProject
Global
	GlobalSection(SolutionConfigurationPlatforms) = preSolution
		Debug|Any CPU = Debug|Any CPU
		Release|Any CPU = Release|Any CPU
	EndGlobalSection
	GlobalSection(ProjectConfigurationPlatforms) = postSolution
		{A1D0CA23-48B2-4E4B-9C3F-B59DC94A9980}.Debug|Any CPU.ActiveCfg = Debug|Any CPU
		{A1D0CA23-48B2-4E4B-9C3F-B59DC94A9980}.Debug|Any CPU.Build.0 = Debug|Any CPU
		{A1D0CA23-48B2-4E4B-9C3F-B59DC94A9980}.Release|Any CPU.ActiveCfg = Release|Any CPU
		{A1D0CA23-48B2-4E4B-9C3F-B59DC94A9980}.Release|Any CPU.Build.0 = Release|Any CPU
		{2F3E9650-2618-4127-A2DE-5A59795916E3}.Debug|Any CPU.ActiveCfg = Debug|Any CPU
		{2F3E9650-2618-4127-A2DE-5A59795916E3}.Debug|Any CPU.Build.0 = Debug|Any CPU
		{2F3E9650-2618-4127-A2DE-5A59795916E3}.Release|Any CPU.ActiveCfg = Release|Any CPU
		{2F3E9650-2618-4127-A2DE-5A59795916E3}.Release|Any CPU.Build.0 = Release|Any CPU
		{FD8D0075-63FC-4214-9B41-12774EECF1B9}.Debug|Any CPU.ActiveCfg = Debug|Any CPU
		{FD8D0075-63FC-4214-9B41-12774EECF1B9}.Debug|Any CPU.Build.0 = Debug|Any CPU
		{FD8D0075-63FC-4214-9B41-12774EECF1B9}.Release|Any CPU.ActiveCfg = Release|Any CPU
		{FD8D0075-63FC-4214-9B41-12774EECF1B9}.Release|Any CPU.Build.0 = Release|Any CPU
		{23A30B91-9FD7-4CC2-80E7-F21FA003C489}.Debug|Any CPU.ActiveCfg = Debug|Any CPU
		{23A30B91-9FD7-4CC2-80E7-F21FA003C489}.Debug|Any CPU.Build.0 = Debug|Any CPU
		{23A30B91-9FD7-4CC2-80E7-F21FA003C489}.Release|Any CPU.ActiveCfg = Release|Any CPU
		{23A30B91-9FD7-4CC2-80E7-F21FA003C489}.Release|Any CPU.Build.0 = Release|Any CPU
		{E8B6A333-7FC9-446D-9E4A-57A75211A053}.Debug|Any CPU.ActiveCfg = Debug|Any CPU
		{E8B6A333-7FC9-446D-9E4A-57A75211A053}.Debug|Any CPU.Build.0 = Debug|Any CPU
		{E8B6A333-7FC9-446D-9E4A-57A75211A053}.Release|Any CPU.ActiveCfg = Release|Any CPU
		{E8B6A333-7FC9-446D-9E4A-57A75211A053}.Release|Any CPU.Build.0 = Release|Any CPU
		{18741077-C97B-45C0-B952-71E2D63C8087}.Debug|Any CPU.ActiveCfg = Debug|Any CPU
		{18741077-C97B-45C0-B952-71E2D63C8087}.Debug|Any CPU.Build.0 = Debug|Any CPU
		{18741077-C97B-45C0-B952-71E2D63C8087}.Release|Any CPU.ActiveCfg = Release|Any CPU
		{18741077-C97B-45C0-B952-71E2D63C8087}.Release|Any CPU.Build.0 = Release|Any CPU
	EndGlobalSection
	GlobalSection(SolutionProperties) = preSolution
		HideSolutionNode = FALSE
	EndGlobalSection
	GlobalSection(ExtensibilityGlobals) = postSolution
		SolutionGuid = {62F5BC92-D99F-47C1-910F-B3B73EC11B5A}
	EndGlobalSection
EndGlobal
